# This file is automatically @generated by Poetry 2.1.2 and should not be changed by hand.

[[package]]
name = "dill"
version = "0.3.9"
description = "serialize all of Python"
optional = false
python-versions = ">=3.8"
groups = ["main"]
files = [
    {file = "dill-0.3.9-py3-none-any.whl", hash = "sha256:468dff3b89520b474c0397703366b7b95eebe6303f108adf9b19da1f702be87a"},
    {file = "dill-0.3.9.tar.gz", hash = "sha256:81aa267dddf68cbfe8029c42ca9ec6a4ab3b22371d1c450abc54422577b4512c"},
]

[package.extras]
graph = ["objgraph (>=1.7.2)"]
profile = ["gprof2dot (>=2022.7.29)"]

[[package]]
name = "pydot"
version = "3.0.3"
description = "Python interface to Graphviz's Dot"
optional = false
python-versions = ">=3.8"
groups = ["main"]
files = [
    {file = "pydot-3.0.3-py3-none-any.whl", hash = "sha256:9b0b3081e0bd362d0c61148da10eb1281ec80089b02a28cf06f9093843986f3d"},
    {file = "pydot-3.0.3.tar.gz", hash = "sha256:5e009d97b2fff92b7a88f09ec1fd5b163f07f3b10469c927d362471d6faa0d50"},
]

[package.dependencies]
pyparsing = ">=3.0.9"

[package.extras]
dev = ["chardet", "parameterized", "ruff"]
release = ["zest.releaser[recommended]"]
tests = ["chardet", "parameterized", "pytest", "pytest-cov", "pytest-xdist[psutil]", "ruff", "tox"]

[[package]]
name = "pyparsing"
version = "3.2.0"
description = "pyparsing module - Classes and methods to define and execute parsing grammars"
optional = false
python-versions = ">=3.9"
groups = ["main"]
files = [
    {file = "pyparsing-3.2.0-py3-none-any.whl", hash = "sha256:93d9577b88da0bbea8cc8334ee8b918ed014968fd2ec383e868fb8afb1ccef84"},
    {file = "pyparsing-3.2.0.tar.gz", hash = "sha256:cbf74e27246d595d9a74b186b810f6fbb86726dbf3b9532efb343f6d7294fe9c"},
]

[package.extras]
diagrams = ["jinja2", "railroad-diagrams"]

[metadata]
lock-version = "2.1"
python-versions = ">=3.11"
content-hash = "dd3b16e8ec8ae3a56f6e7115dd0e7262cdf1ca1ff5721487204190bad1ec3a2a"
